
Microsoft Visual Studio Solution File, Format Version 12.00
# Visual Studio 2012
Project("{8BC9CEB9-8B4A-11D0-8D11-00A0C91BC942}") = "nguiLib", "nguiLib.dll", "{4A251C54-91C5-43A4-89EB-8096447DF221}"
	ProjectSection(MonoDevelopProperties) = preProject
		name = nguiLib
		Configurations = $0
		$0.Configuration = $1
		$1.name = Default
		$1.OutputPath = .\
		$1.ctype = ProjectConfiguration
	EndProjectSection
EndProject
Global
	GlobalSection(SolutionConfigurationPlatforms) = preSolution
		Default|Any CPU = Default|Any CPU
	EndGlobalSection
	GlobalSection(ProjectConfigurationPlatforms) = postSolution
		{4A251C54-91C5-43A4-89EB-8096447DF221}.Default|Any CPU.ActiveCfg = Default|Any CPU
		{4A251C54-91C5-43A4-89EB-8096447DF221}.Default|Any CPU.Build.0 = Default|Any CPU
	EndGlobalSection
EndGlobal
