
Microsoft Visual Studio Solution File, Format Version 12.00
# Visual Studio 2013
Project("{FAE04EC0-301F-11D3-BF4B-00C04F79EFBC}") = "DWWork.CSharp.Plugins", "DWWork.CSharp.Plugins.csproj", "{0DC2DF7E-537E-BE98-84F6-EB3951059696}"
EndProject
Project("{FAE04EC0-301F-11D3-BF4B-00C04F79EFBC}") = "DWWork.CSharp", "DWWork.CSharp.csproj", "{8AED685A-47A8-066D-38B1-90A7A5AAF2C4}"
EndProject
Project("{FAE04EC0-301F-11D3-BF4B-00C04F79EFBC}") = "DWWork.CSharp.Editor.Plugins", "DWWork.CSharp.Editor.Plugins.csproj", "{6B5491C6-BE5E-8CDB-41C7-3044141BD02E}"
EndProject
Project("{FAE04EC0-301F-11D3-BF4B-00C04F79EFBC}") = "DWWork.CSharp.Editor", "DWWork.CSharp.Editor.csproj", "{F843FA63-0DB7-EA08-2EE0-7CCA7B8637E3}"
EndProject
Global
	GlobalSection(SolutionConfigurationPlatforms) = preSolution
		Debug|Any CPU = Debug|Any CPU
		Release|Any CPU = Release|Any CPU
	EndGlobalSection
	GlobalSection(ProjectConfigurationPlatforms) = postSolution
		{0DC2DF7E-537E-BE98-84F6-EB3951059696}.Debug|Any CPU.ActiveCfg = Debug|Any CPU
		{0DC2DF7E-537E-BE98-84F6-EB3951059696}.Debug|Any CPU.Build.0 = Debug|Any CPU
		{0DC2DF7E-537E-BE98-84F6-EB3951059696}.Release|Any CPU.ActiveCfg = Release|Any CPU
		{0DC2DF7E-537E-BE98-84F6-EB3951059696}.Release|Any CPU.Build.0 = Release|Any CPU
		{8AED685A-47A8-066D-38B1-90A7A5AAF2C4}.Debug|Any CPU.ActiveCfg = Debug|Any CPU
		{8AED685A-47A8-066D-38B1-90A7A5AAF2C4}.Debug|Any CPU.Build.0 = Debug|Any CPU
		{8AED685A-47A8-066D-38B1-90A7A5AAF2C4}.Release|Any CPU.ActiveCfg = Release|Any CPU
		{8AED685A-47A8-066D-38B1-90A7A5AAF2C4}.Release|Any CPU.Build.0 = Release|Any CPU
		{6B5491C6-BE5E-8CDB-41C7-3044141BD02E}.Debug|Any CPU.ActiveCfg = Debug|Any CPU
		{6B5491C6-BE5E-8CDB-41C7-3044141BD02E}.Debug|Any CPU.Build.0 = Debug|Any CPU
		{6B5491C6-BE5E-8CDB-41C7-3044141BD02E}.Release|Any CPU.ActiveCfg = Release|Any CPU
		{6B5491C6-BE5E-8CDB-41C7-3044141BD02E}.Release|Any CPU.Build.0 = Release|Any CPU
		{F843FA63-0DB7-EA08-2EE0-7CCA7B8637E3}.Debug|Any CPU.ActiveCfg = Debug|Any CPU
		{F843FA63-0DB7-EA08-2EE0-7CCA7B8637E3}.Debug|Any CPU.Build.0 = Debug|Any CPU
		{F843FA63-0DB7-EA08-2EE0-7CCA7B8637E3}.Release|Any CPU.ActiveCfg = Release|Any CPU
		{F843FA63-0DB7-EA08-2EE0-7CCA7B8637E3}.Release|Any CPU.Build.0 = Release|Any CPU
	EndGlobalSection
	GlobalSection(SolutionProperties) = preSolution
		HideSolutionNode = FALSE
	EndGlobalSection
EndGlobal
