
Microsoft Visual Studio Solution File, Format Version 12.00
# Visual Studio 2015
Project("{FAE04EC0-301F-11D3-BF4B-00C04F79EFBC}") = "DWWork.Plugins", "DWWork.Plugins.csproj", "{5C05AAB2-86B6-C7D9-0C90-743DFFB9D770}"
EndProject
Project("{FAE04EC0-301F-11D3-BF4B-00C04F79EFBC}") = "DWWork", "DWWork.csproj", "{D5FDC64C-6D8F-7C5A-3488-B9C169EEDC83}"
EndProject
Project("{FAE04EC0-301F-11D3-BF4B-00C04F79EFBC}") = "DWWork.Editor.Plugins", "DWWork.Editor.Plugins.csproj", "{D38F4756-5496-B93C-3F73-818D7F2359E6}"
EndProject
Project("{FAE04EC0-301F-11D3-BF4B-00C04F79EFBC}") = "DWWork.Editor", "DWWork.Editor.csproj", "{BB52AD89-66BA-8AE2-B910-3CBBC2A8BB46}"
EndProject
Global
	GlobalSection(SolutionConfigurationPlatforms) = preSolution
		Debug|Any CPU = Debug|Any CPU
		Release|Any CPU = Release|Any CPU
	EndGlobalSection
	GlobalSection(ProjectConfigurationPlatforms) = postSolution
		{5C05AAB2-86B6-C7D9-0C90-743DFFB9D770}.Debug|Any CPU.ActiveCfg = Debug|Any CPU
		{5C05AAB2-86B6-C7D9-0C90-743DFFB9D770}.Debug|Any CPU.Build.0 = Debug|Any CPU
		{5C05AAB2-86B6-C7D9-0C90-743DFFB9D770}.Release|Any CPU.ActiveCfg = Release|Any CPU
		{5C05AAB2-86B6-C7D9-0C90-743DFFB9D770}.Release|Any CPU.Build.0 = Release|Any CPU
		{D5FDC64C-6D8F-7C5A-3488-B9C169EEDC83}.Debug|Any CPU.ActiveCfg = Debug|Any CPU
		{D5FDC64C-6D8F-7C5A-3488-B9C169EEDC83}.Debug|Any CPU.Build.0 = Debug|Any CPU
		{D5FDC64C-6D8F-7C5A-3488-B9C169EEDC83}.Release|Any CPU.ActiveCfg = Release|Any CPU
		{D5FDC64C-6D8F-7C5A-3488-B9C169EEDC83}.Release|Any CPU.Build.0 = Release|Any CPU
		{D38F4756-5496-B93C-3F73-818D7F2359E6}.Debug|Any CPU.ActiveCfg = Debug|Any CPU
		{D38F4756-5496-B93C-3F73-818D7F2359E6}.Debug|Any CPU.Build.0 = Debug|Any CPU
		{D38F4756-5496-B93C-3F73-818D7F2359E6}.Release|Any CPU.ActiveCfg = Release|Any CPU
		{D38F4756-5496-B93C-3F73-818D7F2359E6}.Release|Any CPU.Build.0 = Release|Any CPU
		{BB52AD89-66BA-8AE2-B910-3CBBC2A8BB46}.Debug|Any CPU.ActiveCfg = Debug|Any CPU
		{BB52AD89-66BA-8AE2-B910-3CBBC2A8BB46}.Debug|Any CPU.Build.0 = Debug|Any CPU
		{BB52AD89-66BA-8AE2-B910-3CBBC2A8BB46}.Release|Any CPU.ActiveCfg = Release|Any CPU
		{BB52AD89-66BA-8AE2-B910-3CBBC2A8BB46}.Release|Any CPU.Build.0 = Release|Any CPU
	EndGlobalSection
	GlobalSection(SolutionProperties) = preSolution
		HideSolutionNode = FALSE
	EndGlobalSection
EndGlobal
