// !$*UTF8*$!
{
	archiveVersion = 1;
	classes = {
	};
	objectVersion = 46;
	objects = {

/* Begin PBXBuildFile section */
		17D5D6A31E442E9B00F95182 /* Bounds.cpp in Sources */ = {isa = PBXBuildFile; fileRef = 17D5D69F1E442E9B00F95182 /* Bounds.cpp */; };
		17D5D6A41E442E9B00F95182 /* SceneNodeDistanceRefresh.cpp in Sources */ = {isa = PBXBuildFile; fileRef = 17D5D6A11E442E9B00F95182 /* SceneNodeDistanceRefresh.cpp */; };
		17DEB9A21E25F0A20032A635 /* EZFunBitCoverter.cpp in Sources */ = {isa = PBXBuildFile; fileRef = 17DEB9A01E25F0A20032A635 /* EZFunBitCoverter.cpp */; };
		189FFAF11E0124D100A13D7C /* ActorAttribute.cpp in Sources */ = {isa = PBXBuildFile; fileRef = 189FFAE51E0124D100A13D7C /* ActorAttribute.cpp */; };
		189FFAF21E0124D100A13D7C /* Main.cpp in Sources */ = {isa = PBXBuildFile; fileRef = 189FFAE91E0124D100A13D7C /* Main.cpp */; };
		189FFAF31E0124D100A13D7C /* tea.cpp in Sources */ = {isa = PBXBuildFile; fileRef = 189FFAEC1E0124D100A13D7C /* tea.cpp */; };
		189FFAF41E0124D100A13D7C /* Utilities.cpp in Sources */ = {isa = PBXBuildFile; fileRef = 189FFAEE1E0124D100A13D7C /* Utilities.cpp */; };
/* End PBXBuildFile section */

/* Begin PBXFileReference section */
		17D5D69F1E442E9B00F95182 /* Bounds.cpp */ = {isa = PBXFileReference; fileEncoding = 4; lastKnownFileType = sourcecode.cpp.cpp; name = Bounds.cpp; path = ../../XGame2/Bounds.cpp; sourceTree = "<group>"; };
		17D5D6A01E442E9B00F95182 /* Bounds.h */ = {isa = PBXFileReference; fileEncoding = 4; lastKnownFileType = sourcecode.c.h; name = Bounds.h; path = ../../XGame2/Bounds.h; sourceTree = "<group>"; };
		17D5D6A11E442E9B00F95182 /* SceneNodeDistanceRefresh.cpp */ = {isa = PBXFileReference; fileEncoding = 4; lastKnownFileType = sourcecode.cpp.cpp; name = SceneNodeDistanceRefresh.cpp; path = ../../XGame2/SceneNodeDistanceRefresh.cpp; sourceTree = "<group>"; };
		17D5D6A21E442E9B00F95182 /* SceneNodeDistanceRefresh.h */ = {isa = PBXFileReference; fileEncoding = 4; lastKnownFileType = sourcecode.c.h; name = SceneNodeDistanceRefresh.h; path = ../../XGame2/SceneNodeDistanceRefresh.h; sourceTree = "<group>"; };
		17DEB9A01E25F0A20032A635 /* EZFunBitCoverter.cpp */ = {isa = PBXFileReference; fileEncoding = 4; lastKnownFileType = sourcecode.cpp.cpp; name = EZFunBitCoverter.cpp; path = ../../XGame2/EZFunBitCoverter.cpp; sourceTree = "<group>"; };
		17DEB9A11E25F0A20032A635 /* EZFunBitCoverter.h */ = {isa = PBXFileReference; fileEncoding = 4; lastKnownFileType = sourcecode.c.h; name = EZFunBitCoverter.h; path = ../../XGame2/EZFunBitCoverter.h; sourceTree = "<group>"; };
		189FFADC1E0124BA00A13D7C /* XGame2.bundle */ = {isa = PBXFileReference; explicitFileType = wrapper.cfbundle; includeInIndex = 0; path = XGame2.bundle; sourceTree = BUILT_PRODUCTS_DIR; };
		189FFADF1E0124BA00A13D7C /* Info.plist */ = {isa = PBXFileReference; lastKnownFileType = text.plist.xml; path = Info.plist; sourceTree = "<group>"; };
		189FFAE51E0124D100A13D7C /* ActorAttribute.cpp */ = {isa = PBXFileReference; fileEncoding = 4; lastKnownFileType = sourcecode.cpp.cpp; name = ActorAttribute.cpp; path = ../../XGame2/ActorAttribute.cpp; sourceTree = "<group>"; };
		189FFAE61E0124D100A13D7C /* ActorAttribute.h */ = {isa = PBXFileReference; fileEncoding = 4; lastKnownFileType = sourcecode.c.h; name = ActorAttribute.h; path = ../../XGame2/ActorAttribute.h; sourceTree = "<group>"; };
		189FFAE71E0124D100A13D7C /* FastEvent.h */ = {isa = PBXFileReference; fileEncoding = 4; lastKnownFileType = sourcecode.c.h; name = FastEvent.h; path = ../../XGame2/FastEvent.h; sourceTree = "<group>"; };
		189FFAE81E0124D100A13D7C /* FastEventImplement.h */ = {isa = PBXFileReference; fileEncoding = 4; lastKnownFileType = sourcecode.c.h; name = FastEventImplement.h; path = ../../XGame2/FastEventImplement.h; sourceTree = "<group>"; };
		189FFAE91E0124D100A13D7C /* Main.cpp */ = {isa = PBXFileReference; fileEncoding = 4; lastKnownFileType = sourcecode.cpp.cpp; name = Main.cpp; path = ../../XGame2/Main.cpp; sourceTree = "<group>"; };
		189FFAEA1E0124D100A13D7C /* Main.h */ = {isa = PBXFileReference; fileEncoding = 4; lastKnownFileType = sourcecode.c.h; name = Main.h; path = ../../XGame2/Main.h; sourceTree = "<group>"; };
		189FFAEB1E0124D100A13D7C /* PreInclude.h */ = {isa = PBXFileReference; fileEncoding = 4; lastKnownFileType = sourcecode.c.h; name = PreInclude.h; path = ../../XGame2/PreInclude.h; sourceTree = "<group>"; };
		189FFAEC1E0124D100A13D7C /* tea.cpp */ = {isa = PBXFileReference; fileEncoding = 4; lastKnownFileType = sourcecode.cpp.cpp; name = tea.cpp; path = ../../XGame2/tea.cpp; sourceTree = "<group>"; };
		189FFAED1E0124D100A13D7C /* tea.h */ = {isa = PBXFileReference; fileEncoding = 4; lastKnownFileType = sourcecode.c.h; name = tea.h; path = ../../XGame2/tea.h; sourceTree = "<group>"; };
		189FFAEE1E0124D100A13D7C /* Utilities.cpp */ = {isa = PBXFileReference; fileEncoding = 4; lastKnownFileType = sourcecode.cpp.cpp; name = Utilities.cpp; path = ../../XGame2/Utilities.cpp; sourceTree = "<group>"; };
		189FFAEF1E0124D100A13D7C /* Utilities.h */ = {isa = PBXFileReference; fileEncoding = 4; lastKnownFileType = sourcecode.c.h; name = Utilities.h; path = ../../XGame2/Utilities.h; sourceTree = "<group>"; };
		189FFAF01E0124D100A13D7C /* VariadicMacros.h */ = {isa = PBXFileReference; fileEncoding = 4; lastKnownFileType = sourcecode.c.h; name = VariadicMacros.h; path = ../../XGame2/VariadicMacros.h; sourceTree = "<group>"; };
/* End PBXFileReference section */

/* Begin PBXFrameworksBuildPhase section */
		189FFAD91E0124BA00A13D7C /* Frameworks */ = {
			isa = PBXFrameworksBuildPhase;
			buildActionMask = 2147483647;
			files = (
			);
			runOnlyForDeploymentPostprocessing = 0;
		};
/* End PBXFrameworksBuildPhase section */

/* Begin PBXGroup section */
		189FFAD31E0124BA00A13D7C = {
			isa = PBXGroup;
			children = (
				17D5D69F1E442E9B00F95182 /* Bounds.cpp */,
				17D5D6A01E442E9B00F95182 /* Bounds.h */,
				17D5D6A11E442E9B00F95182 /* SceneNodeDistanceRefresh.cpp */,
				17D5D6A21E442E9B00F95182 /* SceneNodeDistanceRefresh.h */,
				189FFAE51E0124D100A13D7C /* ActorAttribute.cpp */,
				189FFAE61E0124D100A13D7C /* ActorAttribute.h */,
				189FFAE71E0124D100A13D7C /* FastEvent.h */,
				189FFAE81E0124D100A13D7C /* FastEventImplement.h */,
				17DEB9A01E25F0A20032A635 /* EZFunBitCoverter.cpp */,
				17DEB9A11E25F0A20032A635 /* EZFunBitCoverter.h */,
				189FFAE91E0124D100A13D7C /* Main.cpp */,
				189FFAEA1E0124D100A13D7C /* Main.h */,
				189FFAEB1E0124D100A13D7C /* PreInclude.h */,
				189FFAEC1E0124D100A13D7C /* tea.cpp */,
				189FFAED1E0124D100A13D7C /* tea.h */,
				189FFAEE1E0124D100A13D7C /* Utilities.cpp */,
				189FFAEF1E0124D100A13D7C /* Utilities.h */,
				189FFAF01E0124D100A13D7C /* VariadicMacros.h */,
				189FFADE1E0124BA00A13D7C /* XGame2 */,
				189FFADD1E0124BA00A13D7C /* Products */,
			);
			sourceTree = "<group>";
		};
		189FFADD1E0124BA00A13D7C /* Products */ = {
			isa = PBXGroup;
			children = (
				189FFADC1E0124BA00A13D7C /* XGame2.bundle */,
			);
			name = Products;
			sourceTree = "<group>";
		};
		189FFADE1E0124BA00A13D7C /* XGame2 */ = {
			isa = PBXGroup;
			children = (
				189FFADF1E0124BA00A13D7C /* Info.plist */,
			);
			path = XGame2;
			sourceTree = "<group>";
		};
/* End PBXGroup section */

/* Begin PBXNativeTarget section */
		189FFADB1E0124BA00A13D7C /* XGame2 */ = {
			isa = PBXNativeTarget;
			buildConfigurationList = 189FFAE21E0124BA00A13D7C /* Build configuration list for PBXNativeTarget "XGame2" */;
			buildPhases = (
				189FFAD81E0124BA00A13D7C /* Sources */,
				189FFAD91E0124BA00A13D7C /* Frameworks */,
				189FFADA1E0124BA00A13D7C /* Resources */,
			);
			buildRules = (
			);
			dependencies = (
			);
			name = XGame2;
			productName = XGame2;
			productReference = 189FFADC1E0124BA00A13D7C /* XGame2.bundle */;
			productType = "com.apple.product-type.bundle";
		};
/* End PBXNativeTarget section */

/* Begin PBXProject section */
		189FFAD41E0124BA00A13D7C /* Project object */ = {
			isa = PBXProject;
			attributes = {
				LastUpgradeCheck = 0720;
				ORGANIZATIONNAME = apple;
				TargetAttributes = {
					189FFADB1E0124BA00A13D7C = {
						CreatedOnToolsVersion = 7.2;
					};
				};
			};
			buildConfigurationList = 189FFAD71E0124BA00A13D7C /* Build configuration list for PBXProject "XGame2" */;
			compatibilityVersion = "Xcode 3.2";
			developmentRegion = English;
			hasScannedForEncodings = 0;
			knownRegions = (
				en,
			);
			mainGroup = 189FFAD31E0124BA00A13D7C;
			productRefGroup = 189FFADD1E0124BA00A13D7C /* Products */;
			projectDirPath = "";
			projectRoot = "";
			targets = (
				189FFADB1E0124BA00A13D7C /* XGame2 */,
			);
		};
/* End PBXProject section */

/* Begin PBXResourcesBuildPhase section */
		189FFADA1E0124BA00A13D7C /* Resources */ = {
			isa = PBXResourcesBuildPhase;
			buildActionMask = 2147483647;
			files = (
			);
			runOnlyForDeploymentPostprocessing = 0;
		};
/* End PBXResourcesBuildPhase section */

/* Begin PBXSourcesBuildPhase section */
		189FFAD81E0124BA00A13D7C /* Sources */ = {
			isa = PBXSourcesBuildPhase;
			buildActionMask = 2147483647;
			files = (
				17D5D6A41E442E9B00F95182 /* SceneNodeDistanceRefresh.cpp in Sources */,
				17D5D6A31E442E9B00F95182 /* Bounds.cpp in Sources */,
				189FFAF31E0124D100A13D7C /* tea.cpp in Sources */,
				189FFAF21E0124D100A13D7C /* Main.cpp in Sources */,
				189FFAF41E0124D100A13D7C /* Utilities.cpp in Sources */,
				189FFAF11E0124D100A13D7C /* ActorAttribute.cpp in Sources */,
				17DEB9A21E25F0A20032A635 /* EZFunBitCoverter.cpp in Sources */,
			);
			runOnlyForDeploymentPostprocessing = 0;
		};
/* End PBXSourcesBuildPhase section */

/* Begin XCBuildConfiguration section */
		189FFAE01E0124BA00A13D7C /* Debug */ = {
			isa = XCBuildConfiguration;
			buildSettings = {
				ALWAYS_SEARCH_USER_PATHS = NO;
				CLANG_CXX_LANGUAGE_STANDARD = "gnu++0x";
				CLANG_CXX_LIBRARY = "libc++";
				CLANG_ENABLE_MODULES = YES;
				CLANG_ENABLE_OBJC_ARC = YES;
				CLANG_WARN_BOOL_CONVERSION = YES;
				CLANG_WARN_CONSTANT_CONVERSION = YES;
				CLANG_WARN_DIRECT_OBJC_ISA_USAGE = YES_ERROR;
				CLANG_WARN_EMPTY_BODY = YES;
				CLANG_WARN_ENUM_CONVERSION = YES;
				CLANG_WARN_INT_CONVERSION = YES;
				CLANG_WARN_OBJC_ROOT_CLASS = YES_ERROR;
				CLANG_WARN_UNREACHABLE_CODE = YES;
				CLANG_WARN__DUPLICATE_METHOD_MATCH = YES;
				CODE_SIGN_IDENTITY = "-";
				COPY_PHASE_STRIP = NO;
				DEBUG_INFORMATION_FORMAT = dwarf;
				ENABLE_STRICT_OBJC_MSGSEND = YES;
				ENABLE_TESTABILITY = YES;
				GCC_C_LANGUAGE_STANDARD = gnu99;
				GCC_DYNAMIC_NO_PIC = NO;
				GCC_NO_COMMON_BLOCKS = YES;
				GCC_OPTIMIZATION_LEVEL = 0;
				GCC_PREPROCESSOR_DEFINITIONS = (
					"DEBUG=1",
					"$(inherited)",
				);
				GCC_WARN_64_TO_32_BIT_CONVERSION = YES;
				GCC_WARN_ABOUT_RETURN_TYPE = YES_ERROR;
				GCC_WARN_UNDECLARED_SELECTOR = YES;
				GCC_WARN_UNINITIALIZED_AUTOS = YES_AGGRESSIVE;
				GCC_WARN_UNUSED_FUNCTION = YES;
				GCC_WARN_UNUSED_VARIABLE = YES;
				MACOSX_DEPLOYMENT_TARGET = 10.11;
				MTL_ENABLE_DEBUG_INFO = YES;
				ONLY_ACTIVE_ARCH = YES;
				SDKROOT = macosx;
			};
			name = Debug;
		};
		189FFAE11E0124BA00A13D7C /* Release */ = {
			isa = XCBuildConfiguration;
			buildSettings = {
				ALWAYS_SEARCH_USER_PATHS = NO;
				CLANG_CXX_LANGUAGE_STANDARD = "gnu++0x";
				CLANG_CXX_LIBRARY = "libc++";
				CLANG_ENABLE_MODULES = YES;
				CLANG_ENABLE_OBJC_ARC = YES;
				CLANG_WARN_BOOL_CONVERSION = YES;
				CLANG_WARN_CONSTANT_CONVERSION = YES;
				CLANG_WARN_DIRECT_OBJC_ISA_USAGE = YES_ERROR;
				CLANG_WARN_EMPTY_BODY = YES;
				CLANG_WARN_ENUM_CONVERSION = YES;
				CLANG_WARN_INT_CONVERSION = YES;
				CLANG_WARN_OBJC_ROOT_CLASS = YES_ERROR;
				CLANG_WARN_UNREACHABLE_CODE = YES;
				CLANG_WARN__DUPLICATE_METHOD_MATCH = YES;
				CODE_SIGN_IDENTITY = "-";
				COPY_PHASE_STRIP = NO;
				DEBUG_INFORMATION_FORMAT = "dwarf-with-dsym";
				ENABLE_NS_ASSERTIONS = NO;
				ENABLE_STRICT_OBJC_MSGSEND = YES;
				GCC_C_LANGUAGE_STANDARD = gnu99;
				GCC_NO_COMMON_BLOCKS = YES;
				GCC_WARN_64_TO_32_BIT_CONVERSION = YES;
				GCC_WARN_ABOUT_RETURN_TYPE = YES_ERROR;
				GCC_WARN_UNDECLARED_SELECTOR = YES;
				GCC_WARN_UNINITIALIZED_AUTOS = YES_AGGRESSIVE;
				GCC_WARN_UNUSED_FUNCTION = YES;
				GCC_WARN_UNUSED_VARIABLE = YES;
				MACOSX_DEPLOYMENT_TARGET = 10.11;
				MTL_ENABLE_DEBUG_INFO = NO;
				SDKROOT = macosx;
			};
			name = Release;
		};
		189FFAE31E0124BA00A13D7C /* Debug */ = {
			isa = XCBuildConfiguration;
			buildSettings = {
				COMBINE_HIDPI_IMAGES = YES;
				INFOPLIST_FILE = XGame2/Info.plist;
				INSTALL_PATH = "$(LOCAL_LIBRARY_DIR)/Bundles";
				ONLY_ACTIVE_ARCH = NO;
				PRODUCT_BUNDLE_IDENTIFIER = com.ezfun.xgame2.XGame2;
				PRODUCT_NAME = "$(TARGET_NAME)";
				SKIP_INSTALL = YES;
				WRAPPER_EXTENSION = bundle;
			};
			name = Debug;
		};
		189FFAE41E0124BA00A13D7C /* Release */ = {
			isa = XCBuildConfiguration;
			buildSettings = {
				COMBINE_HIDPI_IMAGES = YES;
				INFOPLIST_FILE = XGame2/Info.plist;
				INSTALL_PATH = "$(LOCAL_LIBRARY_DIR)/Bundles";
				ONLY_ACTIVE_ARCH = YES;
				PRODUCT_BUNDLE_IDENTIFIER = com.ezfun.xgame2.XGame2;
				PRODUCT_NAME = "$(TARGET_NAME)";
				SKIP_INSTALL = YES;
				WRAPPER_EXTENSION = bundle;
			};
			name = Release;
		};
/* End XCBuildConfiguration section */

/* Begin XCConfigurationList section */
		189FFAD71E0124BA00A13D7C /* Build configuration list for PBXProject "XGame2" */ = {
			isa = XCConfigurationList;
			buildConfigurations = (
				189FFAE01E0124BA00A13D7C /* Debug */,
				189FFAE11E0124BA00A13D7C /* Release */,
			);
			defaultConfigurationIsVisible = 0;
			defaultConfigurationName = Release;
		};
		189FFAE21E0124BA00A13D7C /* Build configuration list for PBXNativeTarget "XGame2" */ = {
			isa = XCConfigurationList;
			buildConfigurations = (
				189FFAE31E0124BA00A13D7C /* Debug */,
				189FFAE41E0124BA00A13D7C /* Release */,
			);
			defaultConfigurationIsVisible = 0;
			defaultConfigurationName = Release;
		};
/* End XCConfigurationList section */
	};
	rootObject = 189FFAD41E0124BA00A13D7C /* Project object */;
}
